// !$*UTF8*$!
{
	archiveVersion = 1;
	classes = {
	};
	objectVersion = 60;
	objects = {

/* Begin PBXBuildFile section */
		0B29AF442AEF104B009E12B1 /* EntainTechnicalTaskApp.swift in Sources */ = {isa = PBXBuildFile; fileRef = 0B29AF432AEF104B009E12B1 /* EntainTechnicalTaskApp.swift */; };
		0B29AF462AEF104B009E12B1 /* MainTabView.swift in Sources */ = {isa = PBXBuildFile; fileRef = 0B29AF452AEF104B009E12B1 /* MainTabView.swift */; };
		0B29AF482AEF104D009E12B1 /* Assets.xcassets in Resources */ = {isa = PBXBuildFile; fileRef = 0B29AF472AEF104D009E12B1 /* Assets.xcassets */; };
		0B29AF4B2AEF104D009E12B1 /* Preview Assets.xcassets in Resources */ = {isa = PBXBuildFile; fileRef = 0B29AF4A2AEF104D009E12B1 /* Preview Assets.xcassets */; };
		0B29AF552AEF104E009E12B1 /* ConstantsTests.swift in Sources */ = {isa = PBXBuildFile; fileRef = 0B29AF542AEF104E009E12B1 /* ConstantsTests.swift */; };
		0B29AF612AEF104E009E12B1 /* LaunchTests.swift in Sources */ = {isa = PBXBuildFile; fileRef = 0B29AF602AEF104E009E12B1 /* LaunchTests.swift */; };
		0B29AF752AEF1F45009E12B1 /* Constants.swift in Sources */ = {isa = PBXBuildFile; fileRef = 0B29AF742AEF1F45009E12B1 /* Constants.swift */; };
		0B29AF7B2AEF2F29009E12B1 /* HTTPResponseDTO.swift in Sources */ = {isa = PBXBuildFile; fileRef = 0B29AF7A2AEF2F29009E12B1 /* HTTPResponseDTO.swift */; };
		0B29AF7D2AEF317E009E12B1 /* RaceSummaryDTO.swift in Sources */ = {isa = PBXBuildFile; fileRef = 0B29AF7C2AEF317E009E12B1 /* RaceSummaryDTO.swift */; };
		0B29AF7F2AEF32E3009E12B1 /* NextRacesDTO.swift in Sources */ = {isa = PBXBuildFile; fileRef = 0B29AF7E2AEF32E3009E12B1 /* NextRacesDTO.swift */; };
		0B29AF822AEF3438009E12B1 /* Tagged in Frameworks */ = {isa = PBXBuildFile; productRef = 0B29AF812AEF3438009E12B1 /* Tagged */; };
		0B29AF842AEF5874009E12B1 /* RaceCategoryDTO.swift in Sources */ = {isa = PBXBuildFile; fileRef = 0B29AF832AEF5874009E12B1 /* RaceCategoryDTO.swift */; };
		0B29AF862AEF5C7E009E12B1 /* AdvertisedStartDTO.swift in Sources */ = {isa = PBXBuildFile; fileRef = 0B29AF852AEF5C7E009E12B1 /* AdvertisedStartDTO.swift */; };
		0B29AF892AEF74EE009E12B1 /* RaceDataProvider.swift in Sources */ = {isa = PBXBuildFile; fileRef = 0B29AF882AEF74EE009E12B1 /* RaceDataProvider.swift */; };
		0B29AF8D2AEF8B1B009E12B1 /* UUID+CodingKeyRepresentable.swift in Sources */ = {isa = PBXBuildFile; fileRef = 0B29AF8C2AEF8B1B009E12B1 /* UUID+CodingKeyRepresentable.swift */; };
		0B29AF912AEF9813009E12B1 /* AdvertisedStartDTOTests.swift in Sources */ = {isa = PBXBuildFile; fileRef = 0B29AF902AEF9813009E12B1 /* AdvertisedStartDTOTests.swift */; };
		0B29AF932AEF995A009E12B1 /* RaceCategoryDTOTests.swift in Sources */ = {isa = PBXBuildFile; fileRef = 0B29AF922AEF995A009E12B1 /* RaceCategoryDTOTests.swift */; };
		0B29AF952AEFA22B009E12B1 /* RaceSummaryDTOTests.swift in Sources */ = {isa = PBXBuildFile; fileRef = 0B29AF942AEFA22B009E12B1 /* RaceSummaryDTOTests.swift */; };
		0B29AF972AEFA4FB009E12B1 /* NextRacesDTOTests.swift in Sources */ = {isa = PBXBuildFile; fileRef = 0B29AF962AEFA4FB009E12B1 /* NextRacesDTOTests.swift */; };
		0B29AF992AEFA977009E12B1 /* HTTPResponseDTOTests.swift in Sources */ = {isa = PBXBuildFile; fileRef = 0B29AF982AEFA977009E12B1 /* HTTPResponseDTOTests.swift */; };
		0B29AF9C2AEFAC12009E12B1 /* RaceDataProviderTests.swift in Sources */ = {isa = PBXBuildFile; fileRef = 0B29AF9B2AEFAC12009E12B1 /* RaceDataProviderTests.swift */; };
		0B29AFA02AEFB23B009E12B1 /* UUID+CodingKeyRepresentableTests.swift in Sources */ = {isa = PBXBuildFile; fileRef = 0B29AF9F2AEFB23B009E12B1 /* UUID+CodingKeyRepresentableTests.swift */; };
		0B29AFA52AEFC1EB009E12B1 /* NextToGoTab.swift in Sources */ = {isa = PBXBuildFile; fileRef = 0B29AFA42AEFC1EB009E12B1 /* NextToGoTab.swift */; };
		0B2F1B312AF0402C00C5BCEA /* NextToGoView.swift in Sources */ = {isa = PBXBuildFile; fileRef = 0B2F1B302AF0402C00C5BCEA /* NextToGoView.swift */; };
		0B2F1B332AF0413A00C5BCEA /* NextToGoViewModel.swift in Sources */ = {isa = PBXBuildFile; fileRef = 0B2F1B322AF0413A00C5BCEA /* NextToGoViewModel.swift */; };
		0B2F1B352AF0A02D00C5BCEA /* RaceSummaryRow.swift in Sources */ = {isa = PBXBuildFile; fileRef = 0B2F1B342AF0A02D00C5BCEA /* RaceSummaryRow.swift */; };
		0BCA16232AF0ACFE00653808 /* NextToGoViewModelTests.swift in Sources */ = {isa = PBXBuildFile; fileRef = 0BCA16222AF0ACFE00653808 /* NextToGoViewModelTests.swift */; };
		0BCA16262AF0BC3300653808 /* sample-nextraces-response.json in Resources */ = {isa = PBXBuildFile; fileRef = 0BCA16252AF0BC3300653808 /* sample-nextraces-response.json */; };
		0BCA16282AF0C6A100653808 /* NextToGoScreenTests.swift in Sources */ = {isa = PBXBuildFile; fileRef = 0BCA16272AF0C6A100653808 /* NextToGoScreenTests.swift */; };
/* End PBXBuildFile section */

/* Begin PBXContainerItemProxy section */
		0B29AF512AEF104E009E12B1 /* PBXContainerItemProxy */ = {
			isa = PBXContainerItemProxy;
			containerPortal = 0B29AF382AEF104B009E12B1 /* Project object */;
			proxyType = 1;
			remoteGlobalIDString = 0B29AF3F2AEF104B009E12B1;
			remoteInfo = EntainTechnicalTask;
		};
		0B29AF5B2AEF104E009E12B1 /* PBXContainerItemProxy */ = {
			isa = PBXContainerItemProxy;
			containerPortal = 0B29AF382AEF104B009E12B1 /* Project object */;
			proxyType = 1;
			remoteGlobalIDString = 0B29AF3F2AEF104B009E12B1;
			remoteInfo = EntainTechnicalTask;
		};
/* End PBXContainerItemProxy section */

/* Begin PBXFileReference section */
		0B29AF402AEF104B009E12B1 /* EntainTechnicalTask.app */ = {isa = PBXFileReference; explicitFileType = wrapper.application; includeInIndex = 0; path = EntainTechnicalTask.app; sourceTree = BUILT_PRODUCTS_DIR; };
		0B29AF432AEF104B009E12B1 /* EntainTechnicalTaskApp.swift */ = {isa = PBXFileReference; lastKnownFileType = sourcecode.swift; path = EntainTechnicalTaskApp.swift; sourceTree = "<group>"; };
		0B29AF452AEF104B009E12B1 /* MainTabView.swift */ = {isa = PBXFileReference; lastKnownFileType = sourcecode.swift; path = MainTabView.swift; sourceTree = "<group>"; };
		0B29AF472AEF104D009E12B1 /* Assets.xcassets */ = {isa = PBXFileReference; lastKnownFileType = folder.assetcatalog; path = Assets.xcassets; sourceTree = "<group>"; };
		0B29AF4A2AEF104D009E12B1 /* Preview Assets.xcassets */ = {isa = PBXFileReference; lastKnownFileType = folder.assetcatalog; path = "Preview Assets.xcassets"; sourceTree = "<group>"; };
		0B29AF502AEF104E009E12B1 /* EntainTechnicalTask Tests.xctest */ = {isa = PBXFileReference; explicitFileType = wrapper.cfbundle; includeInIndex = 0; path = "EntainTechnicalTask Tests.xctest"; sourceTree = BUILT_PRODUCTS_DIR; };
		0B29AF542AEF104E009E12B1 /* ConstantsTests.swift */ = {isa = PBXFileReference; lastKnownFileType = sourcecode.swift; path = ConstantsTests.swift; sourceTree = "<group>"; };
		0B29AF5A2AEF104E009E12B1 /* EntainTechnicalTask UI Tests.xctest */ = {isa = PBXFileReference; explicitFileType = wrapper.cfbundle; includeInIndex = 0; path = "EntainTechnicalTask UI Tests.xctest"; sourceTree = BUILT_PRODUCTS_DIR; };
		0B29AF602AEF104E009E12B1 /* LaunchTests.swift */ = {isa = PBXFileReference; lastKnownFileType = sourcecode.swift; path = LaunchTests.swift; sourceTree = "<group>"; };
		0B29AF742AEF1F45009E12B1 /* Constants.swift */ = {isa = PBXFileReference; lastKnownFileType = sourcecode.swift; path = Constants.swift; sourceTree = "<group>"; };
		0B29AF7A2AEF2F29009E12B1 /* HTTPResponseDTO.swift */ = {isa = PBXFileReference; lastKnownFileType = sourcecode.swift; path = HTTPResponseDTO.swift; sourceTree = "<group>"; };
		0B29AF7C2AEF317E009E12B1 /* RaceSummaryDTO.swift */ = {isa = PBXFileReference; lastKnownFileType = sourcecode.swift; path = RaceSummaryDTO.swift; sourceTree = "<group>"; };
		0B29AF7E2AEF32E3009E12B1 /* NextRacesDTO.swift */ = {isa = PBXFileReference; lastKnownFileType = sourcecode.swift; path = NextRacesDTO.swift; sourceTree = "<group>"; };
		0B29AF832AEF5874009E12B1 /* RaceCategoryDTO.swift */ = {isa = PBXFileReference; lastKnownFileType = sourcecode.swift; path = RaceCategoryDTO.swift; sourceTree = "<group>"; };
		0B29AF852AEF5C7E009E12B1 /* AdvertisedStartDTO.swift */ = {isa = PBXFileReference; lastKnownFileType = sourcecode.swift; path = AdvertisedStartDTO.swift; sourceTree = "<group>"; };
		0B29AF882AEF74EE009E12B1 /* RaceDataProvider.swift */ = {isa = PBXFileReference; lastKnownFileType = sourcecode.swift; path = RaceDataProvider.swift; sourceTree = "<group>"; };
		0B29AF8C2AEF8B1B009E12B1 /* UUID+CodingKeyRepresentable.swift */ = {isa = PBXFileReference; lastKnownFileType = sourcecode.swift; path = "UUID+CodingKeyRepresentable.swift"; sourceTree = "<group>"; };
		0B29AF902AEF9813009E12B1 /* AdvertisedStartDTOTests.swift */ = {isa = PBXFileReference; lastKnownFileType = sourcecode.swift; path = AdvertisedStartDTOTests.swift; sourceTree = "<group>"; };
		0B29AF922AEF995A009E12B1 /* RaceCategoryDTOTests.swift */ = {isa = PBXFileReference; lastKnownFileType = sourcecode.swift; path = RaceCategoryDTOTests.swift; sourceTree = "<group>"; };
		0B29AF942AEFA22B009E12B1 /* RaceSummaryDTOTests.swift */ = {isa = PBXFileReference; lastKnownFileType = sourcecode.swift; path = RaceSummaryDTOTests.swift; sourceTree = "<group>"; };
		0B29AF962AEFA4FB009E12B1 /* NextRacesDTOTests.swift */ = {isa = PBXFileReference; lastKnownFileType = sourcecode.swift; path = NextRacesDTOTests.swift; sourceTree = "<group>"; };
		0B29AF982AEFA977009E12B1 /* HTTPResponseDTOTests.swift */ = {isa = PBXFileReference; lastKnownFileType = sourcecode.swift; path = HTTPResponseDTOTests.swift; sourceTree = "<group>"; };
		0B29AF9B2AEFAC12009E12B1 /* RaceDataProviderTests.swift */ = {isa = PBXFileReference; lastKnownFileType = sourcecode.swift; path = RaceDataProviderTests.swift; sourceTree = "<group>"; };
		0B29AF9F2AEFB23B009E12B1 /* UUID+CodingKeyRepresentableTests.swift */ = {isa = PBXFileReference; lastKnownFileType = sourcecode.swift; path = "UUID+CodingKeyRepresentableTests.swift"; sourceTree = "<group>"; };
		0B29AFA42AEFC1EB009E12B1 /* NextToGoTab.swift */ = {isa = PBXFileReference; lastKnownFileType = sourcecode.swift; path = NextToGoTab.swift; sourceTree = "<group>"; };
		0B2F1B302AF0402C00C5BCEA /* NextToGoView.swift */ = {isa = PBXFileReference; lastKnownFileType = sourcecode.swift; path = NextToGoView.swift; sourceTree = "<group>"; };
		0B2F1B322AF0413A00C5BCEA /* NextToGoViewModel.swift */ = {isa = PBXFileReference; lastKnownFileType = sourcecode.swift; path = NextToGoViewModel.swift; sourceTree = "<group>"; };
		0B2F1B342AF0A02D00C5BCEA /* RaceSummaryRow.swift */ = {isa = PBXFileReference; lastKnownFileType = sourcecode.swift; path = RaceSummaryRow.swift; sourceTree = "<group>"; };
		0BCA16222AF0ACFE00653808 /* NextToGoViewModelTests.swift */ = {isa = PBXFileReference; lastKnownFileType = sourcecode.swift; path = NextToGoViewModelTests.swift; sourceTree = "<group>"; };
		0BCA16252AF0BC3300653808 /* sample-nextraces-response.json */ = {isa = PBXFileReference; lastKnownFileType = text.json; path = "sample-nextraces-response.json"; sourceTree = "<group>"; };
		0BCA16272AF0C6A100653808 /* NextToGoScreenTests.swift */ = {isa = PBXFileReference; lastKnownFileType = sourcecode.swift; path = NextToGoScreenTests.swift; sourceTree = "<group>"; };
/* End PBXFileReference section */

/* Begin PBXFrameworksBuildPhase section */
		0B29AF3D2AEF104B009E12B1 /* Frameworks */ = {
			isa = PBXFrameworksBuildPhase;
			buildActionMask = 2147483647;
			files = (
				0B29AF822AEF3438009E12B1 /* Tagged in Frameworks */,
			);
			runOnlyForDeploymentPostprocessing = 0;
		};
		0B29AF4D2AEF104E009E12B1 /* Frameworks */ = {
			isa = PBXFrameworksBuildPhase;
			buildActionMask = 2147483647;
			files = (
			);
			runOnlyForDeploymentPostprocessing = 0;
		};
		0B29AF572AEF104E009E12B1 /* Frameworks */ = {
			isa = PBXFrameworksBuildPhase;
			buildActionMask = 2147483647;
			files = (
			);
			runOnlyForDeploymentPostprocessing = 0;
		};
/* End PBXFrameworksBuildPhase section */

/* Begin PBXGroup section */
		0B29AF372AEF104B009E12B1 = {
			isa = PBXGroup;
			children = (
				0B29AF422AEF104B009E12B1 /* EntainTechnicalTask */,
				0B29AF532AEF104E009E12B1 /* EntainTechnicalTask Tests */,
				0B29AF5D2AEF104E009E12B1 /* EntainTechnicalTask UI Tests */,
				0B29AF412AEF104B009E12B1 /* Products */,
			);
			sourceTree = "<group>";
		};
		0B29AF412AEF104B009E12B1 /* Products */ = {
			isa = PBXGroup;
			children = (
				0B29AF402AEF104B009E12B1 /* EntainTechnicalTask.app */,
				0B29AF502AEF104E009E12B1 /* EntainTechnicalTask Tests.xctest */,
				0B29AF5A2AEF104E009E12B1 /* EntainTechnicalTask UI Tests.xctest */,
			);
			name = Products;
			sourceTree = "<group>";
		};
		0B29AF422AEF104B009E12B1 /* EntainTechnicalTask */ = {
			isa = PBXGroup;
			children = (
				0B29AF472AEF104D009E12B1 /* Assets.xcassets */,
				0B29AF782AEF28C5009E12B1 /* Core */,
				0B29AF872AEF7356009E12B1 /* Data Providers */,
				0B29AF792AEF2DB9009E12B1 /* Data Transfer Objects */,
				0B29AF8A2AEF8AEA009E12B1 /* Extensions */,
				0B29AF492AEF104D009E12B1 /* Preview Content */,
				0B29AF762AEF23E6009E12B1 /* Utilities */,
				0B29AFA12AEFBEBB009E12B1 /* View Models */,
				0B29AF772AEF2407009E12B1 /* Views */,
			);
			path = EntainTechnicalTask;
			sourceTree = "<group>";
		};
		0B29AF492AEF104D009E12B1 /* Preview Content */ = {
			isa = PBXGroup;
			children = (
				0B29AF4A2AEF104D009E12B1 /* Preview Assets.xcassets */,
			);
			path = "Preview Content";
			sourceTree = "<group>";
		};
		0B29AF532AEF104E009E12B1 /* EntainTechnicalTask Tests */ = {
			isa = PBXGroup;
			children = (
				0BCA16242AF0BC0300653808 /* Test Data */,
				0B29AF9A2AEFABFA009E12B1 /* Data Providers */,
				0B29AF8F2AEF97F3009E12B1 /* Data Transfer Objects */,
				0B29AF9D2AEFB214009E12B1 /* Extensions */,
				0B29AF8E2AEF97E7009E12B1 /* Utilities */,
				0BCA16212AF0AB6300653808 /* View Models */,
			);
			path = "EntainTechnicalTask Tests";
			sourceTree = "<group>";
		};
		0B29AF5D2AEF104E009E12B1 /* EntainTechnicalTask UI Tests */ = {
			isa = PBXGroup;
			children = (
				0B29AF602AEF104E009E12B1 /* LaunchTests.swift */,
				0BCA16272AF0C6A100653808 /* NextToGoScreenTests.swift */,
			);
			path = "EntainTechnicalTask UI Tests";
			sourceTree = "<group>";
		};
		0B29AF762AEF23E6009E12B1 /* Utilities */ = {
			isa = PBXGroup;
			children = (
				0B29AF742AEF1F45009E12B1 /* Constants.swift */,
			);
			path = Utilities;
			sourceTree = "<group>";
		};
		0B29AF772AEF2407009E12B1 /* Views */ = {
			isa = PBXGroup;
			children = (
				0B29AFA32AEFC075009E12B1 /* Next To Go Tab */,
				0B29AFA22AEFC049009E12B1 /* Main Tab */,
			);
			path = Views;
			sourceTree = "<group>";
		};
		0B29AF782AEF28C5009E12B1 /* Core */ = {
			isa = PBXGroup;
			children = (
				0B29AF432AEF104B009E12B1 /* EntainTechnicalTaskApp.swift */,
			);
			path = Core;
			sourceTree = "<group>";
		};
		0B29AF792AEF2DB9009E12B1 /* Data Transfer Objects */ = {
			isa = PBXGroup;
			children = (
				0B29AF852AEF5C7E009E12B1 /* AdvertisedStartDTO.swift */,
				0B29AF7A2AEF2F29009E12B1 /* HTTPResponseDTO.swift */,
				0B29AF7E2AEF32E3009E12B1 /* NextRacesDTO.swift */,
				0B29AF832AEF5874009E12B1 /* RaceCategoryDTO.swift */,
				0B29AF7C2AEF317E009E12B1 /* RaceSummaryDTO.swift */,
			);
			path = "Data Transfer Objects";
			sourceTree = "<group>";
		};
		0B29AF872AEF7356009E12B1 /* Data Providers */ = {
			isa = PBXGroup;
			children = (
				0B29AF882AEF74EE009E12B1 /* RaceDataProvider.swift */,
			);
			path = "Data Providers";
			sourceTree = "<group>";
		};
		0B29AF8A2AEF8AEA009E12B1 /* Extensions */ = {
			isa = PBXGroup;
			children = (
				0B29AF8B2AEF8AF2009E12B1 /* Foundation */,
			);
			path = Extensions;
			sourceTree = "<group>";
		};
		0B29AF8B2AEF8AF2009E12B1 /* Foundation */ = {
			isa = PBXGroup;
			children = (
				0B29AF8C2AEF8B1B009E12B1 /* UUID+CodingKeyRepresentable.swift */,
			);
			path = Foundation;
			sourceTree = "<group>";
		};
		0B29AF8E2AEF97E7009E12B1 /* Utilities */ = {
			isa = PBXGroup;
			children = (
				0B29AF542AEF104E009E12B1 /* ConstantsTests.swift */,
			);
			path = Utilities;
			sourceTree = "<group>";
		};
		0B29AF8F2AEF97F3009E12B1 /* Data Transfer Objects */ = {
			isa = PBXGroup;
			children = (
				0B29AF902AEF9813009E12B1 /* AdvertisedStartDTOTests.swift */,
				0B29AF982AEFA977009E12B1 /* HTTPResponseDTOTests.swift */,
				0B29AF962AEFA4FB009E12B1 /* NextRacesDTOTests.swift */,
				0B29AF922AEF995A009E12B1 /* RaceCategoryDTOTests.swift */,
				0B29AF942AEFA22B009E12B1 /* RaceSummaryDTOTests.swift */,
			);
			path = "Data Transfer Objects";
			sourceTree = "<group>";
		};
		0B29AF9A2AEFABFA009E12B1 /* Data Providers */ = {
			isa = PBXGroup;
			children = (
				0B29AF9B2AEFAC12009E12B1 /* RaceDataProviderTests.swift */,
			);
			path = "Data Providers";
			sourceTree = "<group>";
		};
		0B29AF9D2AEFB214009E12B1 /* Extensions */ = {
			isa = PBXGroup;
			children = (
				0B29AF9E2AEFB21F009E12B1 /* Foundation */,
			);
			path = Extensions;
			sourceTree = "<group>";
		};
		0B29AF9E2AEFB21F009E12B1 /* Foundation */ = {
			isa = PBXGroup;
			children = (
				0B29AF9F2AEFB23B009E12B1 /* UUID+CodingKeyRepresentableTests.swift */,
			);
			path = Foundation;
			sourceTree = "<group>";
		};
		0B29AFA12AEFBEBB009E12B1 /* View Models */ = {
			isa = PBXGroup;
			children = (
				0B2F1B322AF0413A00C5BCEA /* NextToGoViewModel.swift */,
			);
			path = "View Models";
			sourceTree = "<group>";
		};
		0B29AFA22AEFC049009E12B1 /* Main Tab */ = {
			isa = PBXGroup;
			children = (
				0B29AF452AEF104B009E12B1 /* MainTabView.swift */,
			);
			path = "Main Tab";
			sourceTree = "<group>";
		};
		0B29AFA32AEFC075009E12B1 /* Next To Go Tab */ = {
			isa = PBXGroup;
			children = (
				0B29AFA42AEFC1EB009E12B1 /* NextToGoTab.swift */,
				0B2F1B2F2AF0401A00C5BCEA /* Root */,
			);
			path = "Next To Go Tab";
			sourceTree = "<group>";
		};
		0B2F1B2F2AF0401A00C5BCEA /* Root */ = {
			isa = PBXGroup;
			children = (
				0B2F1B302AF0402C00C5BCEA /* NextToGoView.swift */,
				0B2F1B342AF0A02D00C5BCEA /* RaceSummaryRow.swift */,
			);
			path = Root;
			sourceTree = "<group>";
		};
		0BCA16212AF0AB6300653808 /* View Models */ = {
			isa = PBXGroup;
			children = (
				0BCA16222AF0ACFE00653808 /* NextToGoViewModelTests.swift */,
			);
			path = "View Models";
			sourceTree = "<group>";
		};
		0BCA16242AF0BC0300653808 /* Test Data */ = {
			isa = PBXGroup;
			children = (
				0BCA16252AF0BC3300653808 /* sample-nextraces-response.json */,
			);
			path = "Test Data";
			sourceTree = "<group>";
		};
/* End PBXGroup section */

/* Begin PBXNativeTarget section */
		0B29AF3F2AEF104B009E12B1 /* EntainTechnicalTask */ = {
			isa = PBXNativeTarget;
			buildConfigurationList = 0B29AF642AEF104E009E12B1 /* Build configuration list for PBXNativeTarget "EntainTechnicalTask" */;
			buildPhases = (
				0B29AF3C2AEF104B009E12B1 /* Sources */,
				0B29AF3D2AEF104B009E12B1 /* Frameworks */,
				0B29AF3E2AEF104B009E12B1 /* Resources */,
			);
			buildRules = (
			);
			dependencies = (
				0B29AF6F2AEF1BD5009E12B1 /* PBXTargetDependency */,
			);
			name = EntainTechnicalTask;
			packageProductDependencies = (
				0B29AF812AEF3438009E12B1 /* Tagged */,
			);
			productName = EntainTechnicalTask;
			productReference = 0B29AF402AEF104B009E12B1 /* EntainTechnicalTask.app */;
			productType = "com.apple.product-type.application";
		};
		0B29AF4F2AEF104E009E12B1 /* EntainTechnicalTask Tests */ = {
			isa = PBXNativeTarget;
			buildConfigurationList = 0B29AF672AEF104E009E12B1 /* Build configuration list for PBXNativeTarget "EntainTechnicalTask Tests" */;
			buildPhases = (
				0B29AF4C2AEF104E009E12B1 /* Sources */,
				0B29AF4D2AEF104E009E12B1 /* Frameworks */,
				0B29AF4E2AEF104E009E12B1 /* Resources */,
			);
			buildRules = (
			);
			dependencies = (
				0B29AF712AEF1BDA009E12B1 /* PBXTargetDependency */,
				0B29AF522AEF104E009E12B1 /* PBXTargetDependency */,
			);
			name = "EntainTechnicalTask Tests";
			productName = EntainTechnicalTaskTests;
			productReference = 0B29AF502AEF104E009E12B1 /* EntainTechnicalTask Tests.xctest */;
			productType = "com.apple.product-type.bundle.unit-test";
		};
		0B29AF592AEF104E009E12B1 /* EntainTechnicalTask UI Tests */ = {
			isa = PBXNativeTarget;
			buildConfigurationList = 0B29AF6A2AEF104E009E12B1 /* Build configuration list for PBXNativeTarget "EntainTechnicalTask UI Tests" */;
			buildPhases = (
				0B29AF562AEF104E009E12B1 /* Sources */,
				0B29AF572AEF104E009E12B1 /* Frameworks */,
				0B29AF582AEF104E009E12B1 /* Resources */,
			);
			buildRules = (
			);
			dependencies = (
				0B29AF732AEF1BDE009E12B1 /* PBXTargetDependency */,
				0B29AF5C2AEF104E009E12B1 /* PBXTargetDependency */,
			);
			name = "EntainTechnicalTask UI Tests";
			productName = EntainTechnicalTaskUITests;
			productReference = 0B29AF5A2AEF104E009E12B1 /* EntainTechnicalTask UI Tests.xctest */;
			productType = "com.apple.product-type.bundle.ui-testing";
		};
/* End PBXNativeTarget section */

/* Begin PBXProject section */
		0B29AF382AEF104B009E12B1 /* Project object */ = {
			isa = PBXProject;
			attributes = {
				BuildIndependentTargetsInParallel = 1;
				LastSwiftUpdateCheck = 1510;
				LastUpgradeCheck = 1510;
				ORGANIZATIONNAME = "Entain Group Pty Ltd";
				TargetAttributes = {
					0B29AF3F2AEF104B009E12B1 = {
						CreatedOnToolsVersion = 15.1;
					};
					0B29AF4F2AEF104E009E12B1 = {
						CreatedOnToolsVersion = 15.1;
						TestTargetID = 0B29AF3F2AEF104B009E12B1;
					};
					0B29AF592AEF104E009E12B1 = {
						CreatedOnToolsVersion = 15.1;
						TestTargetID = 0B29AF3F2AEF104B009E12B1;
					};
				};
			};
			buildConfigurationList = 0B29AF3B2AEF104B009E12B1 /* Build configuration list for PBXProject "EntainTechnicalTask" */;
			compatibilityVersion = "Xcode 15.0";
			developmentRegion = en;
			hasScannedForEncodings = 0;
			knownRegions = (
				en,
				Base,
			);
			mainGroup = 0B29AF372AEF104B009E12B1;
			packageReferences = (
				0B29AF6D2AEF19F3009E12B1 /* XCRemoteSwiftPackageReference "SwiftLint" */,
				0B29AF802AEF3438009E12B1 /* XCRemoteSwiftPackageReference "swift-tagged" */,
			);
			productRefGroup = 0B29AF412AEF104B009E12B1 /* Products */;
			projectDirPath = "";
			projectRoot = "";
			targets = (
				0B29AF3F2AEF104B009E12B1 /* EntainTechnicalTask */,
				0B29AF4F2AEF104E009E12B1 /* EntainTechnicalTask Tests */,
				0B29AF592AEF104E009E12B1 /* EntainTechnicalTask UI Tests */,
			);
		};
/* End PBXProject section */

/* Begin PBXResourcesBuildPhase section */
		0B29AF3E2AEF104B009E12B1 /* Resources */ = {
			isa = PBXResourcesBuildPhase;
			buildActionMask = 2147483647;
			files = (
				0B29AF4B2AEF104D009E12B1 /* Preview Assets.xcassets in Resources */,
				0B29AF482AEF104D009E12B1 /* Assets.xcassets in Resources */,
			);
			runOnlyForDeploymentPostprocessing = 0;
		};
		0B29AF4E2AEF104E009E12B1 /* Resources */ = {
			isa = PBXResourcesBuildPhase;
			buildActionMask = 2147483647;
			files = (
				0BCA16262AF0BC3300653808 /* sample-nextraces-response.json in Resources */,
			);
			runOnlyForDeploymentPostprocessing = 0;
		};
		0B29AF582AEF104E009E12B1 /* Resources */ = {
			isa = PBXResourcesBuildPhase;
			buildActionMask = 2147483647;
			files = (
			);
			runOnlyForDeploymentPostprocessing = 0;
		};
/* End PBXResourcesBuildPhase section */

/* Begin PBXSourcesBuildPhase section */
		0B29AF3C2AEF104B009E12B1 /* Sources */ = {
			isa = PBXSourcesBuildPhase;
			buildActionMask = 2147483647;
			files = (
				0B29AF462AEF104B009E12B1 /* MainTabView.swift in Sources */,
				0B29AF442AEF104B009E12B1 /* EntainTechnicalTaskApp.swift in Sources */,
				0B2F1B352AF0A02D00C5BCEA /* RaceSummaryRow.swift in Sources */,
				0B29AF7B2AEF2F29009E12B1 /* HTTPResponseDTO.swift in Sources */,
				0B29AF8D2AEF8B1B009E12B1 /* UUID+CodingKeyRepresentable.swift in Sources */,
				0B2F1B312AF0402C00C5BCEA /* NextToGoView.swift in Sources */,
				0B29AF862AEF5C7E009E12B1 /* AdvertisedStartDTO.swift in Sources */,
				0B29AF892AEF74EE009E12B1 /* RaceDataProvider.swift in Sources */,
				0B29AF752AEF1F45009E12B1 /* Constants.swift in Sources */,
				0B29AF7D2AEF317E009E12B1 /* RaceSummaryDTO.swift in Sources */,
				0B29AF842AEF5874009E12B1 /* RaceCategoryDTO.swift in Sources */,
				0B29AFA52AEFC1EB009E12B1 /* NextToGoTab.swift in Sources */,
				0B2F1B332AF0413A00C5BCEA /* NextToGoViewModel.swift in Sources */,
				0B29AF7F2AEF32E3009E12B1 /* NextRacesDTO.swift in Sources */,
			);
			runOnlyForDeploymentPostprocessing = 0;
		};
		0B29AF4C2AEF104E009E12B1 /* Sources */ = {
			isa = PBXSourcesBuildPhase;
			buildActionMask = 2147483647;
			files = (
				0BCA16232AF0ACFE00653808 /* NextToGoViewModelTests.swift in Sources */,
				0B29AF932AEF995A009E12B1 /* RaceCategoryDTOTests.swift in Sources */,
				0B29AF972AEFA4FB009E12B1 /* NextRacesDTOTests.swift in Sources */,
				0B29AF992AEFA977009E12B1 /* HTTPResponseDTOTests.swift in Sources */,
				0B29AF9C2AEFAC12009E12B1 /* RaceDataProviderTests.swift in Sources */,
				0B29AF552AEF104E009E12B1 /* ConstantsTests.swift in Sources */,
				0B29AF912AEF9813009E12B1 /* AdvertisedStartDTOTests.swift in Sources */,
				0B29AF952AEFA22B009E12B1 /* RaceSummaryDTOTests.swift in Sources */,
				0B29AFA02AEFB23B009E12B1 /* UUID+CodingKeyRepresentableTests.swift in Sources */,
			);
			runOnlyForDeploymentPostprocessing = 0;
		};
		0B29AF562AEF104E009E12B1 /* Sources */ = {
			isa = PBXSourcesBuildPhase;
			buildActionMask = 2147483647;
			files = (
				0B29AF612AEF104E009E12B1 /* LaunchTests.swift in Sources */,
				0BCA16282AF0C6A100653808 /* NextToGoScreenTests.swift in Sources */,
			);
			runOnlyForDeploymentPostprocessing = 0;
		};
/* End PBXSourcesBuildPhase section */

/* Begin PBXTargetDependency section */
		0B29AF522AEF104E009E12B1 /* PBXTargetDependency */ = {
			isa = PBXTargetDependency;
			target = 0B29AF3F2AEF104B009E12B1 /* EntainTechnicalTask */;
			targetProxy = 0B29AF512AEF104E009E12B1 /* PBXContainerItemProxy */;
		};
		0B29AF5C2AEF104E009E12B1 /* PBXTargetDependency */ = {
			isa = PBXTargetDependency;
			target = 0B29AF3F2AEF104B009E12B1 /* EntainTechnicalTask */;
			targetProxy = 0B29AF5B2AEF104E009E12B1 /* PBXContainerItemProxy */;
		};
		0B29AF6F2AEF1BD5009E12B1 /* PBXTargetDependency */ = {
			isa = PBXTargetDependency;
			productRef = 0B29AF6E2AEF1BD5009E12B1 /* SwiftLintPlugin */;
		};
		0B29AF712AEF1BDA009E12B1 /* PBXTargetDependency */ = {
			isa = PBXTargetDependency;
			productRef = 0B29AF702AEF1BDA009E12B1 /* SwiftLintPlugin */;
		};
		0B29AF732AEF1BDE009E12B1 /* PBXTargetDependency */ = {
			isa = PBXTargetDependency;
			productRef = 0B29AF722AEF1BDE009E12B1 /* SwiftLintPlugin */;
		};
/* End PBXTargetDependency section */

/* Begin XCBuildConfiguration section */
		0B29AF622AEF104E009E12B1 /* Debug */ = {
			isa = XCBuildConfiguration;
			buildSettings = {
				ALWAYS_SEARCH_USER_PATHS = NO;
				ASSETCATALOG_COMPILER_GENERATE_SWIFT_ASSET_SYMBOL_EXTENSIONS = YES;
				CLANG_ANALYZER_NONNULL = YES;
				CLANG_ANALYZER_NUMBER_OBJECT_CONVERSION = YES_AGGRESSIVE;
				CLANG_CXX_LANGUAGE_STANDARD = "gnu++20";
				CLANG_ENABLE_MODULES = YES;
				CLANG_ENABLE_OBJC_ARC = YES;
				CLANG_ENABLE_OBJC_WEAK = YES;
				CLANG_WARN_BLOCK_CAPTURE_AUTORELEASING = YES;
				CLANG_WARN_BOOL_CONVERSION = YES;
				CLANG_WARN_COMMA = YES;
				CLANG_WARN_CONSTANT_CONVERSION = YES;
				CLANG_WARN_DEPRECATED_OBJC_IMPLEMENTATIONS = YES;
				CLANG_WARN_DIRECT_OBJC_ISA_USAGE = YES_ERROR;
				CLANG_WARN_DOCUMENTATION_COMMENTS = YES;
				CLANG_WARN_EMPTY_BODY = YES;
				CLANG_WARN_ENUM_CONVERSION = YES;
				CLANG_WARN_INFINITE_RECURSION = YES;
				CLANG_WARN_INT_CONVERSION = YES;
				CLANG_WARN_NON_LITERAL_NULL_CONVERSION = YES;
				CLANG_WARN_OBJC_IMPLICIT_RETAIN_SELF = YES;
				CLANG_WARN_OBJC_LITERAL_CONVERSION = YES;
				CLANG_WARN_OBJC_ROOT_CLASS = YES_ERROR;
				CLANG_WARN_QUOTED_INCLUDE_IN_FRAMEWORK_HEADER = YES;
				CLANG_WARN_RANGE_LOOP_ANALYSIS = YES;
				CLANG_WARN_STRICT_PROTOTYPES = YES;
				CLANG_WARN_SUSPICIOUS_MOVE = YES;
				CLANG_WARN_UNGUARDED_AVAILABILITY = YES_AGGRESSIVE;
				CLANG_WARN_UNREACHABLE_CODE = YES;
				CLANG_WARN__DUPLICATE_METHOD_MATCH = YES;
				COPY_PHASE_STRIP = NO;
				CURRENT_PROJECT_VERSION = 1;
				DEBUG_INFORMATION_FORMAT = dwarf;
				ENABLE_STRICT_OBJC_MSGSEND = YES;
				ENABLE_TESTABILITY = YES;
				ENABLE_USER_SCRIPT_SANDBOXING = YES;
				GCC_C_LANGUAGE_STANDARD = gnu17;
				GCC_DYNAMIC_NO_PIC = NO;
				GCC_NO_COMMON_BLOCKS = YES;
				GCC_OPTIMIZATION_LEVEL = 0;
				GCC_PREPROCESSOR_DEFINITIONS = (
					"DEBUG=1",
					"$(inherited)",
				);
				GCC_WARN_64_TO_32_BIT_CONVERSION = YES;
				GCC_WARN_ABOUT_RETURN_TYPE = YES_ERROR;
				GCC_WARN_UNDECLARED_SELECTOR = YES;
				GCC_WARN_UNINITIALIZED_AUTOS = YES_AGGRESSIVE;
				GCC_WARN_UNUSED_FUNCTION = YES;
				GCC_WARN_UNUSED_VARIABLE = YES;
				IPHONEOS_DEPLOYMENT_TARGET = 17.0;
				LOCALIZATION_PREFERS_STRING_CATALOGS = YES;
				MARKETING_VERSION = 1.0.0;
				MTL_ENABLE_DEBUG_INFO = INCLUDE_SOURCE;
				MTL_FAST_MATH = YES;
				ONLY_ACTIVE_ARCH = YES;
				SDKROOT = iphoneos;
				SWIFT_ACTIVE_COMPILATION_CONDITIONS = "DEBUG $(inherited)";
				SWIFT_OPTIMIZATION_LEVEL = "-Onone";
			};
			name = Debug;
		};
		0B29AF632AEF104E009E12B1 /* Release */ = {
			isa = XCBuildConfiguration;
			buildSettings = {
				ALWAYS_SEARCH_USER_PATHS = NO;
				ASSETCATALOG_COMPILER_GENERATE_SWIFT_ASSET_SYMBOL_EXTENSIONS = YES;
				CLANG_ANALYZER_NONNULL = YES;
				CLANG_ANALYZER_NUMBER_OBJECT_CONVERSION = YES_AGGRESSIVE;
				CLANG_CXX_LANGUAGE_STANDARD = "gnu++20";
				CLANG_ENABLE_MODULES = YES;
				CLANG_ENABLE_OBJC_ARC = YES;
				CLANG_ENABLE_OBJC_WEAK = YES;
				CLANG_WARN_BLOCK_CAPTURE_AUTORELEASING = YES;
				CLANG_WARN_BOOL_CONVERSION = YES;
				CLANG_WARN_COMMA = YES;
				CLANG_WARN_CONSTANT_CONVERSION = YES;
				CLANG_WARN_DEPRECATED_OBJC_IMPLEMENTATIONS = YES;
				CLANG_WARN_DIRECT_OBJC_ISA_USAGE = YES_ERROR;
				CLANG_WARN_DOCUMENTATION_COMMENTS = YES;
				CLANG_WARN_EMPTY_BODY = YES;
				CLANG_WARN_ENUM_CONVERSION = YES;
				CLANG_WARN_INFINITE_RECURSION = YES;
				CLANG_WARN_INT_CONVERSION = YES;
				CLANG_WARN_NON_LITERAL_NULL_CONVERSION = YES;
				CLANG_WARN_OBJC_IMPLICIT_RETAIN_SELF = YES;
				CLANG_WARN_OBJC_LITERAL_CONVERSION = YES;
				CLANG_WARN_OBJC_ROOT_CLASS = YES_ERROR;
				CLANG_WARN_QUOTED_INCLUDE_IN_FRAMEWORK_HEADER = YES;
				CLANG_WARN_RANGE_LOOP_ANALYSIS = YES;
				CLANG_WARN_STRICT_PROTOTYPES = YES;
				CLANG_WARN_SUSPICIOUS_MOVE = YES;
				CLANG_WARN_UNGUARDED_AVAILABILITY = YES_AGGRESSIVE;
				CLANG_WARN_UNREACHABLE_CODE = YES;
				CLANG_WARN__DUPLICATE_METHOD_MATCH = YES;
				COPY_PHASE_STRIP = NO;
				CURRENT_PROJECT_VERSION = 1;
				DEBUG_INFORMATION_FORMAT = "dwarf-with-dsym";
				ENABLE_NS_ASSERTIONS = NO;
				ENABLE_STRICT_OBJC_MSGSEND = YES;
				ENABLE_USER_SCRIPT_SANDBOXING = YES;
				GCC_C_LANGUAGE_STANDARD = gnu17;
				GCC_NO_COMMON_BLOCKS = YES;
				GCC_WARN_64_TO_32_BIT_CONVERSION = YES;
				GCC_WARN_ABOUT_RETURN_TYPE = YES_ERROR;
				GCC_WARN_UNDECLARED_SELECTOR = YES;
				GCC_WARN_UNINITIALIZED_AUTOS = YES_AGGRESSIVE;
				GCC_WARN_UNUSED_FUNCTION = YES;
				GCC_WARN_UNUSED_VARIABLE = YES;
				IPHONEOS_DEPLOYMENT_TARGET = 17.0;
				LOCALIZATION_PREFERS_STRING_CATALOGS = YES;
				MARKETING_VERSION = 1.0.0;
				MTL_ENABLE_DEBUG_INFO = NO;
				MTL_FAST_MATH = YES;
				SDKROOT = iphoneos;
				SWIFT_COMPILATION_MODE = wholemodule;
				VALIDATE_PRODUCT = YES;
			};
			name = Release;
		};
		0B29AF652AEF104E009E12B1 /* Debug */ = {
			isa = XCBuildConfiguration;
			buildSettings = {
				ASSETCATALOG_COMPILER_APPICON_NAME = AppIcon;
				ASSETCATALOG_COMPILER_GLOBAL_ACCENT_COLOR_NAME = AccentColor;
				CODE_SIGN_STYLE = Automatic;
				DEVELOPMENT_ASSET_PATHS = "\"EntainTechnicalTask/Preview Content\"";
				DEVELOPMENT_TEAM = THD97639S3;
				ENABLE_PREVIEWS = YES;
				GENERATE_INFOPLIST_FILE = YES;
				INFOPLIST_KEY_LSApplicationCategoryType = "public.app-category.sports";
				INFOPLIST_KEY_UIApplicationSceneManifest_Generation = YES;
				INFOPLIST_KEY_UIApplicationSupportsIndirectInputEvents = YES;
				INFOPLIST_KEY_UILaunchScreen_Generation = YES;
				INFOPLIST_KEY_UISupportedInterfaceOrientations_iPad = "UIInterfaceOrientationPortrait UIInterfaceOrientationPortraitUpsideDown UIInterfaceOrientationLandscapeLeft UIInterfaceOrientationLandscapeRight";
				INFOPLIST_KEY_UISupportedInterfaceOrientations_iPhone = "UIInterfaceOrientationPortrait UIInterfaceOrientationLandscapeLeft UIInterfaceOrientationLandscapeRight";
				LD_RUNPATH_SEARCH_PATHS = (
					"$(inherited)",
					"@executable_path/Frameworks",
				);
				PRODUCT_BUNDLE_IDENTIFIER = au.com.brettbest.EntainTechnicalTask;
				PRODUCT_NAME = "$(TARGET_NAME)";
				SWIFT_EMIT_LOC_STRINGS = YES;
				SWIFT_VERSION = 5.0;
				TARGETED_DEVICE_FAMILY = "1,2";
			};
			name = Debug;
		};
		0B29AF662AEF104E009E12B1 /* Release */ = {
			isa = XCBuildConfiguration;
			buildSettings = {
				ASSETCATALOG_COMPILER_APPICON_NAME = AppIcon;
				ASSETCATALOG_COMPILER_GLOBAL_ACCENT_COLOR_NAME = AccentColor;
				CODE_SIGN_STYLE = Automatic;
				DEVELOPMENT_ASSET_PATHS = "\"EntainTechnicalTask/Preview Content\"";
				DEVELOPMENT_TEAM = THD97639S3;
				ENABLE_PREVIEWS = YES;
				GENERATE_INFOPLIST_FILE = YES;
				INFOPLIST_KEY_LSApplicationCategoryType = "public.app-category.sports";
				INFOPLIST_KEY_UIApplicationSceneManifest_Generation = YES;
				INFOPLIST_KEY_UIApplicationSupportsIndirectInputEvents = YES;
				INFOPLIST_KEY_UILaunchScreen_Generation = YES;
				INFOPLIST_KEY_UISupportedInterfaceOrientations_iPad = "UIInterfaceOrientationPortrait UIInterfaceOrientationPortraitUpsideDown UIInterfaceOrientationLandscapeLeft UIInterfaceOrientationLandscapeRight";
				INFOPLIST_KEY_UISupportedInterfaceOrientations_iPhone = "UIInterfaceOrientationPortrait UIInterfaceOrientationLandscapeLeft UIInterfaceOrientationLandscapeRight";
				LD_RUNPATH_SEARCH_PATHS = (
					"$(inherited)",
					"@executable_path/Frameworks",
				);
				PRODUCT_BUNDLE_IDENTIFIER = au.com.brettbest.EntainTechnicalTask;
				PRODUCT_NAME = "$(TARGET_NAME)";
				SWIFT_EMIT_LOC_STRINGS = YES;
				SWIFT_VERSION = 5.0;
				TARGETED_DEVICE_FAMILY = "1,2";
			};
			name = Release;
		};
		0B29AF682AEF104E009E12B1 /* Debug */ = {
			isa = XCBuildConfiguration;
			buildSettings = {
				ALWAYS_EMBED_SWIFT_STANDARD_LIBRARIES = YES;
				BUNDLE_LOADER = "$(TEST_HOST)";
				CODE_SIGN_STYLE = Automatic;
				DEVELOPMENT_TEAM = THD97639S3;
				GENERATE_INFOPLIST_FILE = YES;
				PRODUCT_BUNDLE_IDENTIFIER = au.com.brettbest.EntainTechnicalTaskTests;
				PRODUCT_NAME = "$(TARGET_NAME)";
				SWIFT_EMIT_LOC_STRINGS = NO;
				SWIFT_VERSION = 5.0;
				TARGETED_DEVICE_FAMILY = "1,2";
				TEST_HOST = "$(BUILT_PRODUCTS_DIR)/EntainTechnicalTask.app/$(BUNDLE_EXECUTABLE_FOLDER_PATH)/EntainTechnicalTask";
			};
			name = Debug;
		};
		0B29AF692AEF104E009E12B1 /* Release */ = {
			isa = XCBuildConfiguration;
			buildSettings = {
				ALWAYS_EMBED_SWIFT_STANDARD_LIBRARIES = YES;
				BUNDLE_LOADER = "$(TEST_HOST)";
				CODE_SIGN_STYLE = Automatic;
				DEVELOPMENT_TEAM = THD97639S3;
				GENERATE_INFOPLIST_FILE = YES;
				PRODUCT_BUNDLE_IDENTIFIER = au.com.brettbest.EntainTechnicalTaskTests;
				PRODUCT_NAME = "$(TARGET_NAME)";
				SWIFT_EMIT_LOC_STRINGS = NO;
				SWIFT_VERSION = 5.0;
				TARGETED_DEVICE_FAMILY = "1,2";
				TEST_HOST = "$(BUILT_PRODUCTS_DIR)/EntainTechnicalTask.app/$(BUNDLE_EXECUTABLE_FOLDER_PATH)/EntainTechnicalTask";
			};
			name = Release;
		};
		0B29AF6B2AEF104E009E12B1 /* Debug */ = {
			isa = XCBuildConfiguration;
			buildSettings = {
				ALWAYS_EMBED_SWIFT_STANDARD_LIBRARIES = YES;
				CODE_SIGN_STYLE = Automatic;
				DEVELOPMENT_TEAM = THD97639S3;
				GENERATE_INFOPLIST_FILE = YES;
				PRODUCT_BUNDLE_IDENTIFIER = au.com.brettbest.EntainTechnicalTaskUITests;
				PRODUCT_NAME = "$(TARGET_NAME)";
				SWIFT_EMIT_LOC_STRINGS = NO;
				SWIFT_VERSION = 5.0;
				TARGETED_DEVICE_FAMILY = "1,2";
				TEST_TARGET_NAME = EntainTechnicalTask;
			};
			name = Debug;
		};
		0B29AF6C2AEF104E009E12B1 /* Release */ = {
			isa = XCBuildConfiguration;
			buildSettings = {
				ALWAYS_EMBED_SWIFT_STANDARD_LIBRARIES = YES;
				CODE_SIGN_STYLE = Automatic;
				DEVELOPMENT_TEAM = THD97639S3;
				GENERATE_INFOPLIST_FILE = YES;
				PRODUCT_BUNDLE_IDENTIFIER = au.com.brettbest.EntainTechnicalTaskUITests;
				PRODUCT_NAME = "$(TARGET_NAME)";
				SWIFT_EMIT_LOC_STRINGS = NO;
				SWIFT_VERSION = 5.0;
				TARGETED_DEVICE_FAMILY = "1,2";
				TEST_TARGET_NAME = EntainTechnicalTask;
			};
			name = Release;
		};
/* End XCBuildConfiguration section */

/* Begin XCConfigurationList section */
		0B29AF3B2AEF104B009E12B1 /* Build configuration list for PBXProject "EntainTechnicalTask" */ = {
			isa = XCConfigurationList;
			buildConfigurations = (
				0B29AF622AEF104E009E12B1 /* Debug */,
				0B29AF632AEF104E009E12B1 /* Release */,
			);
			defaultConfigurationIsVisible = 0;
			defaultConfigurationName = Release;
		};
		0B29AF642AEF104E009E12B1 /* Build configuration list for PBXNativeTarget "EntainTechnicalTask" */ = {
			isa = XCConfigurationList;
			buildConfigurations = (
				0B29AF652AEF104E009E12B1 /* Debug */,
				0B29AF662AEF104E009E12B1 /* Release */,
			);
			defaultConfigurationIsVisible = 0;
			defaultConfigurationName = Release;
		};
		0B29AF672AEF104E009E12B1 /* Build configuration list for PBXNativeTarget "EntainTechnicalTask Tests" */ = {
			isa = XCConfigurationList;
			buildConfigurations = (
				0B29AF682AEF104E009E12B1 /* Debug */,
				0B29AF692AEF104E009E12B1 /* Release */,
			);
			defaultConfigurationIsVisible = 0;
			defaultConfigurationName = Release;
		};
		0B29AF6A2AEF104E009E12B1 /* Build configuration list for PBXNativeTarget "EntainTechnicalTask UI Tests" */ = {
			isa = XCConfigurationList;
			buildConfigurations = (
				0B29AF6B2AEF104E009E12B1 /* Debug */,
				0B29AF6C2AEF104E009E12B1 /* Release */,
			);
			defaultConfigurationIsVisible = 0;
			defaultConfigurationName = Release;
		};
/* End XCConfigurationList section */

/* Begin XCRemoteSwiftPackageReference section */
		0B29AF6D2AEF19F3009E12B1 /* XCRemoteSwiftPackageReference "SwiftLint" */ = {
			isa = XCRemoteSwiftPackageReference;
			repositoryURL = "git@github.com:realm/SwiftLint.git";
			requirement = {
				kind = upToNextMajorVersion;
				minimumVersion = 0.53.0;
			};
		};
		0B29AF802AEF3438009E12B1 /* XCRemoteSwiftPackageReference "swift-tagged" */ = {
			isa = XCRemoteSwiftPackageReference;
			repositoryURL = "git@github.com:pointfreeco/swift-tagged.git";
			requirement = {
				kind = upToNextMajorVersion;
				minimumVersion = 0.10.0;
			};
		};
/* End XCRemoteSwiftPackageReference section */

/* Begin XCSwiftPackageProductDependency section */
		0B29AF6E2AEF1BD5009E12B1 /* SwiftLintPlugin */ = {
			isa = XCSwiftPackageProductDependency;
			package = 0B29AF6D2AEF19F3009E12B1 /* XCRemoteSwiftPackageReference "SwiftLint" */;
			productName = "plugin:SwiftLintPlugin";
		};
		0B29AF702AEF1BDA009E12B1 /* SwiftLintPlugin */ = {
			isa = XCSwiftPackageProductDependency;
			package = 0B29AF6D2AEF19F3009E12B1 /* XCRemoteSwiftPackageReference "SwiftLint" */;
			productName = "plugin:SwiftLintPlugin";
		};
		0B29AF722AEF1BDE009E12B1 /* SwiftLintPlugin */ = {
			isa = XCSwiftPackageProductDependency;
			package = 0B29AF6D2AEF19F3009E12B1 /* XCRemoteSwiftPackageReference "SwiftLint" */;
			productName = "plugin:SwiftLintPlugin";
		};
		0B29AF812AEF3438009E12B1 /* Tagged */ = {
			isa = XCSwiftPackageProductDependency;
			package = 0B29AF802AEF3438009E12B1 /* XCRemoteSwiftPackageReference "swift-tagged" */;
			productName = Tagged;
		};
/* End XCSwiftPackageProductDependency section */
	};
	rootObject = 0B29AF382AEF104B009E12B1 /* Project object */;
}
